
Microsoft Visual Studio Solution File, Format Version 12.00
# Visual Studio Version 17
VisualStudioVersion = 17.14.36616.10 d17.14
MinimumVisualStudioVersion = 10.0.40219.1
Project("{FAE04EC0-301F-11D3-BF4B-00C04F79EFBC}") = "VetApp", "VetApp\VetApp.csproj", "{CA3F4960-FA0A-442D-9B34-0D3C3E25CBE3}"
EndProject
Global
	GlobalSection(SolutionConfigurationPlatforms) = preSolution
		Debug|Any CPU = Debug|Any CPU
		Release|Any CPU = Release|Any CPU
	EndGlobalSection
	GlobalSection(ProjectConfigurationPlatforms) = postSolution
		{CA3F4960-FA0A-442D-9B34-0D3C3E25CBE3}.Debug|Any CPU.ActiveCfg = Debug|Any CPU
		{CA3F4960-FA0A-442D-9B34-0D3C3E25CBE3}.Debug|Any CPU.Build.0 = Debug|Any CPU
		{CA3F4960-FA0A-442D-9B34-0D3C3E25CBE3}.Release|Any CPU.ActiveCfg = Release|Any CPU
		{CA3F4960-FA0A-442D-9B34-0D3C3E25CBE3}.Release|Any CPU.Build.0 = Release|Any CPU
	EndGlobalSection
	GlobalSection(SolutionProperties) = preSolution
		HideSolutionNode = FALSE
	EndGlobalSection
	GlobalSection(ExtensibilityGlobals) = postSolution
		SolutionGuid = {67FAF3AA-6B2C-4D9A-8504-F418639F8582}
	EndGlobalSection
EndGlobal
